// !$*UTF8*$!
{
	archiveVersion = 1;
	classes = {
	};
	objectVersion = 77;
	objects = {

/* Begin PBXBuildFile section */
		0C2809B92CBDF35000DAA4ED /* Root in Frameworks */ = {isa = PBXBuildFile; productRef = 0C2809B82CBDF35000DAA4ED /* Root */; };
		CC9E340E2CB166C40057918C /* Root in Frameworks */ = {isa = PBXBuildFile; productRef = CC9E340D2CB166C40057918C /* Root */; };
		CC9F1C152CC66E8A002A35EF /* FirebaseCrashlytics in Frameworks */ = {isa = PBXBuildFile; productRef = CC9F1C142CC66E8A002A35EF /* FirebaseCrashlytics */; };
		CC9F1C212CC6746A002A35EF /* FirebaseAnalyticsWithoutAdIdSupport in Frameworks */ = {isa = PBXBuildFile; productRef = CC9F1C202CC6746A002A35EF /* FirebaseAnalyticsWithoutAdIdSupport */; };
/* End PBXBuildFile section */

/* Begin PBXContainerItemProxy section */
		0CA117912CBDBE5D008C173C /* PBXContainerItemProxy */ = {
			isa = PBXContainerItemProxy;
			containerPortal = CC0C20772CB159E000102C15 /* Project object */;
			proxyType = 1;
			remoteGlobalIDString = CC0C207E2CB159E000102C15;
			remoteInfo = "talk-assistant";
		};
		0CA117A02CBDBE94008C173C /* PBXContainerItemProxy */ = {
			isa = PBXContainerItemProxy;
			containerPortal = CC0C20772CB159E000102C15 /* Project object */;
			proxyType = 1;
			remoteGlobalIDString = CC0C207E2CB159E000102C15;
			remoteInfo = "talk-assistant";
		};
/* End PBXContainerItemProxy section */

/* Begin PBXFileReference section */
		0CC28A182CBDE427000059D0 /* talk-assistant.app */ = {isa = PBXFileReference; explicitFileType = wrapper.application; includeInIndex = 0; path = "talk-assistant.app"; sourceTree = BUILT_PRODUCTS_DIR; };
		0CC28A192CBDE427000059D0 /* talk-assistantTests.xctest */ = {isa = PBXFileReference; explicitFileType = wrapper.cfbundle; includeInIndex = 0; path = "talk-assistantTests.xctest"; sourceTree = BUILT_PRODUCTS_DIR; };
		0CC28A1A2CBDE427000059D0 /* talk-assistantUITests.xctest */ = {isa = PBXFileReference; explicitFileType = wrapper.cfbundle; includeInIndex = 0; path = "talk-assistantUITests.xctest"; sourceTree = BUILT_PRODUCTS_DIR; };
		CC9F1C1E2CC67300002A35EF /* AdSupport.framework */ = {isa = PBXFileReference; lastKnownFileType = wrapper.framework; name = AdSupport.framework; path = Platforms/iPhoneOS.platform/Developer/SDKs/iPhoneOS18.0.sdk/System/Library/Frameworks/AdSupport.framework; sourceTree = DEVELOPER_DIR; };
/* End PBXFileReference section */

/* Begin PBXFileSystemSynchronizedBuildFileExceptionSet section */
		CC835FF52CC68E3A00099F13 /* Exceptions for "talk-assistant" folder in "talk-assistant" target */ = {
			isa = PBXFileSystemSynchronizedBuildFileExceptionSet;
			membershipExceptions = (
				Info.plist,
			);
			target = CC0C207E2CB159E000102C15 /* talk-assistant */;
		};
/* End PBXFileSystemSynchronizedBuildFileExceptionSet section */

/* Begin PBXFileSystemSynchronizedRootGroup section */
		0CA1178E2CBDBE5D008C173C /* talk-assistantTests */ = {
			isa = PBXFileSystemSynchronizedRootGroup;
			path = "talk-assistantTests";
			sourceTree = "<group>";
		};
		0CA1179B2CBDBE94008C173C /* talk-assistantUITests */ = {
			isa = PBXFileSystemSynchronizedRootGroup;
			path = "talk-assistantUITests";
			sourceTree = "<group>";
		};
		CC0C20812CB159E000102C15 /* talk-assistant */ = {
			isa = PBXFileSystemSynchronizedRootGroup;
			exceptions = (
				CC835FF52CC68E3A00099F13 /* Exceptions for "talk-assistant" folder in "talk-assistant" target */,
			);
			path = "talk-assistant";
			sourceTree = "<group>";
		};
/* End PBXFileSystemSynchronizedRootGroup section */

/* Begin PBXFrameworksBuildPhase section */
		0CA1178A2CBDBE5D008C173C /* Frameworks */ = {
			isa = PBXFrameworksBuildPhase;
			buildActionMask = 2147483647;
			files = (
			);
			runOnlyForDeploymentPostprocessing = 0;
		};
		0CA117972CBDBE94008C173C /* Frameworks */ = {
			isa = PBXFrameworksBuildPhase;
			buildActionMask = 2147483647;
			files = (
			);
			runOnlyForDeploymentPostprocessing = 0;
		};
		CC0C207C2CB159E000102C15 /* Frameworks */ = {
			isa = PBXFrameworksBuildPhase;
			buildActionMask = 2147483647;
			files = (
				0C2809B92CBDF35000DAA4ED /* Root in Frameworks */,
				CC9F1C152CC66E8A002A35EF /* FirebaseCrashlytics in Frameworks */,
				CC9E340E2CB166C40057918C /* Root in Frameworks */,
				CC9F1C212CC6746A002A35EF /* FirebaseAnalyticsWithoutAdIdSupport in Frameworks */,
			);
			runOnlyForDeploymentPostprocessing = 0;
		};
/* End PBXFrameworksBuildPhase section */

/* Begin PBXGroup section */
		CC0C20762CB159E000102C15 = {
			isa = PBXGroup;
			children = (
				CC0C20812CB159E000102C15 /* talk-assistant */,
				0CA1178E2CBDBE5D008C173C /* talk-assistantTests */,
				0CA1179B2CBDBE94008C173C /* talk-assistantUITests */,
				0CC28A182CBDE427000059D0 /* talk-assistant.app */,
				0CC28A192CBDE427000059D0 /* talk-assistantTests.xctest */,
				0CC28A1A2CBDE427000059D0 /* talk-assistantUITests.xctest */,
				CC9F1C162CC66F38002A35EF /* Frameworks */,
			);
			sourceTree = "<group>";
		};
		CC9F1C162CC66F38002A35EF /* Frameworks */ = {
			isa = PBXGroup;
			children = (
				CC9F1C1E2CC67300002A35EF /* AdSupport.framework */,
			);
			name = Frameworks;
			sourceTree = "<group>";
		};
/* End PBXGroup section */

/* Begin PBXNativeTarget section */
		0CA1178C2CBDBE5D008C173C /* talk-assistantTests */ = {
			isa = PBXNativeTarget;
			buildConfigurationList = 0CA117932CBDBE5D008C173C /* Build configuration list for PBXNativeTarget "talk-assistantTests" */;
			buildPhases = (
				0CA117892CBDBE5D008C173C /* Sources */,
				0CA1178A2CBDBE5D008C173C /* Frameworks */,
				0CA1178B2CBDBE5D008C173C /* Resources */,
			);
			buildRules = (
			);
			dependencies = (
				0CA117922CBDBE5D008C173C /* PBXTargetDependency */,
			);
			fileSystemSynchronizedGroups = (
				0CA1178E2CBDBE5D008C173C /* talk-assistantTests */,
			);
			name = "talk-assistantTests";
			packageProductDependencies = (
			);
			productName = "talk-assistantTests";
			productReference = 0CC28A192CBDE427000059D0 /* talk-assistantTests.xctest */;
			productType = "com.apple.product-type.bundle.unit-test";
		};
		0CA117992CBDBE94008C173C /* talk-assistantUITests */ = {
			isa = PBXNativeTarget;
			buildConfigurationList = 0CA117A22CBDBE94008C173C /* Build configuration list for PBXNativeTarget "talk-assistantUITests" */;
			buildPhases = (
				0CA117962CBDBE94008C173C /* Sources */,
				0CA117972CBDBE94008C173C /* Frameworks */,
				0CA117982CBDBE94008C173C /* Resources */,
			);
			buildRules = (
			);
			dependencies = (
				0CA117A12CBDBE94008C173C /* PBXTargetDependency */,
			);
			fileSystemSynchronizedGroups = (
				0CA1179B2CBDBE94008C173C /* talk-assistantUITests */,
			);
			name = "talk-assistantUITests";
			packageProductDependencies = (
			);
			productName = "talk-assistantUITests";
			productReference = 0CC28A1A2CBDE427000059D0 /* talk-assistantUITests.xctest */;
			productType = "com.apple.product-type.bundle.ui-testing";
		};
		CC0C207E2CB159E000102C15 /* talk-assistant */ = {
			isa = PBXNativeTarget;
			buildConfigurationList = CC0C20A42CB159E400102C15 /* Build configuration list for PBXNativeTarget "talk-assistant" */;
			buildPhases = (
				CC0C207B2CB159E000102C15 /* Sources */,
				CC0C207C2CB159E000102C15 /* Frameworks */,
				CC0C207D2CB159E000102C15 /* Resources */,
				0CBC20AC2CC7358800ABB89A /* Copy Package.resolved */,
				0CBC20DC2CC7467100ABB89A /* Upload dSYM */,
			);
			buildRules = (
			);
			dependencies = (
			);
			fileSystemSynchronizedGroups = (
				CC0C20812CB159E000102C15 /* talk-assistant */,
			);
			name = "talk-assistant";
			packageProductDependencies = (
				CC9E340D2CB166C40057918C /* Root */,
				0C2809B82CBDF35000DAA4ED /* Root */,
				CC9F1C142CC66E8A002A35EF /* FirebaseCrashlytics */,
				CC9F1C202CC6746A002A35EF /* FirebaseAnalyticsWithoutAdIdSupport */,
			);
			productName = "talk-assistant";
			productReference = 0CC28A182CBDE427000059D0 /* talk-assistant.app */;
			productType = "com.apple.product-type.application";
		};
/* End PBXNativeTarget section */

/* Begin PBXProject section */
		CC0C20772CB159E000102C15 /* Project object */ = {
			isa = PBXProject;
			attributes = {
				BuildIndependentTargetsInParallel = 1;
				LastSwiftUpdateCheck = 1600;
				LastUpgradeCheck = 1600;
				TargetAttributes = {
					0CA1178C2CBDBE5D008C173C = {
						CreatedOnToolsVersion = 16.0;
						TestTargetID = CC0C207E2CB159E000102C15;
					};
					0CA117992CBDBE94008C173C = {
						CreatedOnToolsVersion = 16.0;
						TestTargetID = CC0C207E2CB159E000102C15;
					};
					CC0C207E2CB159E000102C15 = {
						CreatedOnToolsVersion = 16.0;
					};
				};
			};
			buildConfigurationList = CC0C207A2CB159E000102C15 /* Build configuration list for PBXProject "talk-assistant" */;
			developmentRegion = en;
			hasScannedForEncodings = 0;
			knownRegions = (
				en,
				Base,
				ja,
			);
			mainGroup = CC0C20762CB159E000102C15;
			minimizedProjectReferenceProxies = 1;
			packageReferences = (
				0C2809B72CBDF35000DAA4ED /* XCLocalSwiftPackageReference "../Root" */,
				CC9F1C112CC66E8A002A35EF /* XCRemoteSwiftPackageReference "firebase-ios-sdk" */,
			);
			preferredProjectObjectVersion = 77;
			productRefGroup = CC0C20762CB159E000102C15;
			projectDirPath = "";
			projectRoot = "";
			targets = (
				CC0C207E2CB159E000102C15 /* talk-assistant */,
				0CA1178C2CBDBE5D008C173C /* talk-assistantTests */,
				0CA117992CBDBE94008C173C /* talk-assistantUITests */,
			);
		};
/* End PBXProject section */

/* Begin PBXResourcesBuildPhase section */
		0CA1178B2CBDBE5D008C173C /* Resources */ = {
			isa = PBXResourcesBuildPhase;
			buildActionMask = 2147483647;
			files = (
			);
			runOnlyForDeploymentPostprocessing = 0;
		};
		0CA117982CBDBE94008C173C /* Resources */ = {
			isa = PBXResourcesBuildPhase;
			buildActionMask = 2147483647;
			files = (
			);
			runOnlyForDeploymentPostprocessing = 0;
		};
		CC0C207D2CB159E000102C15 /* Resources */ = {
			isa = PBXResourcesBuildPhase;
			buildActionMask = 2147483647;
			files = (
			);
			runOnlyForDeploymentPostprocessing = 0;
		};
/* End PBXResourcesBuildPhase section */

/* Begin PBXShellScriptBuildPhase section */
		0CBC20AC2CC7358800ABB89A /* Copy Package.resolved */ = {
			isa = PBXShellScriptBuildPhase;
			buildActionMask = 2147483647;
			files = (
			);
			inputFileListPaths = (
			);
			inputPaths = (
			);
			name = "Copy Package.resolved";
			outputFileListPaths = (
			);
			outputPaths = (
			);
			runOnlyForDeploymentPostprocessing = 0;
			shellPath = /bin/sh;
			shellScript = " ROOT_DIR=$( cd \"$( dirname \"$PROJECT_DIR\" )\" && pwd )\n cp -f $ROOT_DIR/talk-assistant.xcworkspace/xcshareddata/swiftpm/Package.resolved $PROJECT_DIR/talk-assistant.xcodeproj/project.xcworkspace/xcshareddata/swiftpm\n";
		};
		0CBC20DC2CC7467100ABB89A /* Upload dSYM */ = {
			isa = PBXShellScriptBuildPhase;
			buildActionMask = 2147483647;
			files = (
			);
			inputFileListPaths = (
			);
			inputPaths = (
				"${DWARF_DSYM_FOLDER_PATH}/${DWARF_DSYM_FILE_NAME}",
				"${DWARF_DSYM_FOLDER_PATH}/${DWARF_DSYM_FILE_NAME}/Contents/Resources/DWARF/${PRODUCT_NAME}",
				"${DWARF_DSYM_FOLDER_PATH}/${DWARF_DSYM_FILE_NAME}/Contents/Info.plist",
				"$(TARGET_BUILD_DIR)/$(UNLOCALIZED_RESOURCES_FOLDER_PATH)/GoogleService-Info.plist",
				"$(TARGET_BUILD_DIR)/$(EXECUTABLE_PATH)",
			);
			name = "Upload dSYM";
			outputFileListPaths = (
			);
			outputPaths = (
			);
			runOnlyForDeploymentPostprocessing = 0;
			shellPath = /bin/sh;
			shellScript = "\"${BUILD_DIR%/Build/*}/SourcePackages/checkouts/firebase-ios-sdk/Crashlytics/run\"\n\n";
		};
/* End PBXShellScriptBuildPhase section */

/* Begin PBXSourcesBuildPhase section */
		0CA117892CBDBE5D008C173C /* Sources */ = {
			isa = PBXSourcesBuildPhase;
			buildActionMask = 2147483647;
			files = (
			);
			runOnlyForDeploymentPostprocessing = 0;
		};
		0CA117962CBDBE94008C173C /* Sources */ = {
			isa = PBXSourcesBuildPhase;
			buildActionMask = 2147483647;
			files = (
			);
			runOnlyForDeploymentPostprocessing = 0;
		};
		CC0C207B2CB159E000102C15 /* Sources */ = {
			isa = PBXSourcesBuildPhase;
			buildActionMask = 2147483647;
			files = (
			);
			runOnlyForDeploymentPostprocessing = 0;
		};
/* End PBXSourcesBuildPhase section */

/* Begin PBXTargetDependency section */
		0CA117922CBDBE5D008C173C /* PBXTargetDependency */ = {
			isa = PBXTargetDependency;
			target = CC0C207E2CB159E000102C15 /* talk-assistant */;
			targetProxy = 0CA117912CBDBE5D008C173C /* PBXContainerItemProxy */;
		};
		0CA117A12CBDBE94008C173C /* PBXTargetDependency */ = {
			isa = PBXTargetDependency;
			target = CC0C207E2CB159E000102C15 /* talk-assistant */;
			targetProxy = 0CA117A02CBDBE94008C173C /* PBXContainerItemProxy */;
		};
/* End PBXTargetDependency section */

/* Begin XCBuildConfiguration section */
		0CA117942CBDBE5D008C173C /* Debug */ = {
			isa = XCBuildConfiguration;
			buildSettings = {
				BUNDLE_LOADER = "$(TEST_HOST)";
				CODE_SIGN_STYLE = Automatic;
				CURRENT_PROJECT_VERSION = 1;
				DEVELOPMENT_TEAM = U2W9UR892A;
				GENERATE_INFOPLIST_FILE = YES;
				IPHONEOS_DEPLOYMENT_TARGET = 18.0;
				MARKETING_VERSION = 1.0;
				PRODUCT_BUNDLE_IDENTIFIER = "com.haludoll.talk-assistantTests";
				PRODUCT_NAME = "$(TARGET_NAME)";
				SDKROOT = iphoneos;
				SWIFT_EMIT_LOC_STRINGS = NO;
				SWIFT_VERSION = 5.0;
				TARGETED_DEVICE_FAMILY = "1,2";
				TEST_HOST = "$(BUILT_PRODUCTS_DIR)/talk-assistant.app/$(BUNDLE_EXECUTABLE_FOLDER_PATH)/talk-assistant";
			};
			name = Debug;
		};
		0CA117952CBDBE5D008C173C /* Release */ = {
			isa = XCBuildConfiguration;
			buildSettings = {
				BUNDLE_LOADER = "$(TEST_HOST)";
				CODE_SIGN_STYLE = Automatic;
				CURRENT_PROJECT_VERSION = 1;
				DEVELOPMENT_TEAM = U2W9UR892A;
				GENERATE_INFOPLIST_FILE = YES;
				IPHONEOS_DEPLOYMENT_TARGET = 18.0;
				MARKETING_VERSION = 1.0;
				PRODUCT_BUNDLE_IDENTIFIER = "com.haludoll.talk-assistantTests";
				PRODUCT_NAME = "$(TARGET_NAME)";
				SDKROOT = iphoneos;
				SWIFT_EMIT_LOC_STRINGS = NO;
				SWIFT_VERSION = 5.0;
				TARGETED_DEVICE_FAMILY = "1,2";
				TEST_HOST = "$(BUILT_PRODUCTS_DIR)/talk-assistant.app/$(BUNDLE_EXECUTABLE_FOLDER_PATH)/talk-assistant";
				VALIDATE_PRODUCT = YES;
			};
			name = Release;
		};
		0CA117A32CBDBE94008C173C /* Debug */ = {
			isa = XCBuildConfiguration;
			buildSettings = {
				CODE_SIGN_STYLE = Automatic;
				CURRENT_PROJECT_VERSION = 1;
				DEVELOPMENT_TEAM = U2W9UR892A;
				GENERATE_INFOPLIST_FILE = YES;
				IPHONEOS_DEPLOYMENT_TARGET = 18.0;
				MARKETING_VERSION = 1.0;
				PRODUCT_BUNDLE_IDENTIFIER = "com.haludoll.talk-assistantUITests";
				PRODUCT_NAME = "$(TARGET_NAME)";
				SDKROOT = iphoneos;
				SWIFT_EMIT_LOC_STRINGS = NO;
				SWIFT_VERSION = 5.0;
				TARGETED_DEVICE_FAMILY = "1,2";
				TEST_TARGET_NAME = "talk-assistant";
			};
			name = Debug;
		};
		0CA117A42CBDBE94008C173C /* Release */ = {
			isa = XCBuildConfiguration;
			buildSettings = {
				CODE_SIGN_STYLE = Automatic;
				CURRENT_PROJECT_VERSION = 1;
				DEVELOPMENT_TEAM = U2W9UR892A;
				GENERATE_INFOPLIST_FILE = YES;
				IPHONEOS_DEPLOYMENT_TARGET = 18.0;
				MARKETING_VERSION = 1.0;
				PRODUCT_BUNDLE_IDENTIFIER = "com.haludoll.talk-assistantUITests";
				PRODUCT_NAME = "$(TARGET_NAME)";
				SDKROOT = iphoneos;
				SWIFT_EMIT_LOC_STRINGS = NO;
				SWIFT_VERSION = 5.0;
				TARGETED_DEVICE_FAMILY = "1,2";
				TEST_TARGET_NAME = "talk-assistant";
				VALIDATE_PRODUCT = YES;
			};
			name = Release;
		};
		CC0C20A22CB159E400102C15 /* Debug */ = {
			isa = XCBuildConfiguration;
			buildSettings = {
				ALWAYS_SEARCH_USER_PATHS = NO;
				ASSETCATALOG_COMPILER_GENERATE_SWIFT_ASSET_SYMBOL_EXTENSIONS = YES;
				CLANG_ANALYZER_NONNULL = YES;
				CLANG_ANALYZER_NUMBER_OBJECT_CONVERSION = YES_AGGRESSIVE;
				CLANG_CXX_LANGUAGE_STANDARD = "gnu++20";
				CLANG_ENABLE_MODULES = YES;
				CLANG_ENABLE_OBJC_ARC = YES;
				CLANG_ENABLE_OBJC_WEAK = YES;
				CLANG_WARN_BLOCK_CAPTURE_AUTORELEASING = YES;
				CLANG_WARN_BOOL_CONVERSION = YES;
				CLANG_WARN_COMMA = YES;
				CLANG_WARN_CONSTANT_CONVERSION = YES;
				CLANG_WARN_DEPRECATED_OBJC_IMPLEMENTATIONS = YES;
				CLANG_WARN_DIRECT_OBJC_ISA_USAGE = YES_ERROR;
				CLANG_WARN_DOCUMENTATION_COMMENTS = YES;
				CLANG_WARN_EMPTY_BODY = YES;
				CLANG_WARN_ENUM_CONVERSION = YES;
				CLANG_WARN_INFINITE_RECURSION = YES;
				CLANG_WARN_INT_CONVERSION = YES;
				CLANG_WARN_NON_LITERAL_NULL_CONVERSION = YES;
				CLANG_WARN_OBJC_IMPLICIT_RETAIN_SELF = YES;
				CLANG_WARN_OBJC_LITERAL_CONVERSION = YES;
				CLANG_WARN_OBJC_ROOT_CLASS = YES_ERROR;
				CLANG_WARN_QUOTED_INCLUDE_IN_FRAMEWORK_HEADER = YES;
				CLANG_WARN_RANGE_LOOP_ANALYSIS = YES;
				CLANG_WARN_STRICT_PROTOTYPES = YES;
				CLANG_WARN_SUSPICIOUS_MOVE = YES;
				CLANG_WARN_UNGUARDED_AVAILABILITY = YES_AGGRESSIVE;
				CLANG_WARN_UNREACHABLE_CODE = YES;
				CLANG_WARN__DUPLICATE_METHOD_MATCH = YES;
				COPY_PHASE_STRIP = NO;
				DEBUG_INFORMATION_FORMAT = dwarf;
				ENABLE_STRICT_OBJC_MSGSEND = YES;
				ENABLE_TESTABILITY = YES;
				ENABLE_USER_SCRIPT_SANDBOXING = YES;
				GCC_C_LANGUAGE_STANDARD = gnu17;
				GCC_DYNAMIC_NO_PIC = NO;
				GCC_NO_COMMON_BLOCKS = YES;
				GCC_OPTIMIZATION_LEVEL = 0;
				GCC_PREPROCESSOR_DEFINITIONS = (
					"DEBUG=1",
					"$(inherited)",
				);
				GCC_WARN_64_TO_32_BIT_CONVERSION = YES;
				GCC_WARN_ABOUT_RETURN_TYPE = YES_ERROR;
				GCC_WARN_UNDECLARED_SELECTOR = YES;
				GCC_WARN_UNINITIALIZED_AUTOS = YES_AGGRESSIVE;
				GCC_WARN_UNUSED_FUNCTION = YES;
				GCC_WARN_UNUSED_VARIABLE = YES;
				LOCALIZATION_PREFERS_STRING_CATALOGS = YES;
				MTL_ENABLE_DEBUG_INFO = INCLUDE_SOURCE;
				MTL_FAST_MATH = YES;
				ONLY_ACTIVE_ARCH = YES;
				SWIFT_ACTIVE_COMPILATION_CONDITIONS = "DEBUG $(inherited)";
				SWIFT_EMIT_LOC_STRINGS = YES;
				SWIFT_OPTIMIZATION_LEVEL = "-Onone";
			};
			name = Debug;
		};
		CC0C20A32CB159E400102C15 /* Release */ = {
			isa = XCBuildConfiguration;
			buildSettings = {
				ALWAYS_SEARCH_USER_PATHS = NO;
				ASSETCATALOG_COMPILER_GENERATE_SWIFT_ASSET_SYMBOL_EXTENSIONS = YES;
				CLANG_ANALYZER_NONNULL = YES;
				CLANG_ANALYZER_NUMBER_OBJECT_CONVERSION = YES_AGGRESSIVE;
				CLANG_CXX_LANGUAGE_STANDARD = "gnu++20";
				CLANG_ENABLE_MODULES = YES;
				CLANG_ENABLE_OBJC_ARC = YES;
				CLANG_ENABLE_OBJC_WEAK = YES;
				CLANG_WARN_BLOCK_CAPTURE_AUTORELEASING = YES;
				CLANG_WARN_BOOL_CONVERSION = YES;
				CLANG_WARN_COMMA = YES;
				CLANG_WARN_CONSTANT_CONVERSION = YES;
				CLANG_WARN_DEPRECATED_OBJC_IMPLEMENTATIONS = YES;
				CLANG_WARN_DIRECT_OBJC_ISA_USAGE = YES_ERROR;
				CLANG_WARN_DOCUMENTATION_COMMENTS = YES;
				CLANG_WARN_EMPTY_BODY = YES;
				CLANG_WARN_ENUM_CONVERSION = YES;
				CLANG_WARN_INFINITE_RECURSION = YES;
				CLANG_WARN_INT_CONVERSION = YES;
				CLANG_WARN_NON_LITERAL_NULL_CONVERSION = YES;
				CLANG_WARN_OBJC_IMPLICIT_RETAIN_SELF = YES;
				CLANG_WARN_OBJC_LITERAL_CONVERSION = YES;
				CLANG_WARN_OBJC_ROOT_CLASS = YES_ERROR;
				CLANG_WARN_QUOTED_INCLUDE_IN_FRAMEWORK_HEADER = YES;
				CLANG_WARN_RANGE_LOOP_ANALYSIS = YES;
				CLANG_WARN_STRICT_PROTOTYPES = YES;
				CLANG_WARN_SUSPICIOUS_MOVE = YES;
				CLANG_WARN_UNGUARDED_AVAILABILITY = YES_AGGRESSIVE;
				CLANG_WARN_UNREACHABLE_CODE = YES;
				CLANG_WARN__DUPLICATE_METHOD_MATCH = YES;
				COPY_PHASE_STRIP = NO;
				DEBUG_INFORMATION_FORMAT = "dwarf-with-dsym";
				ENABLE_NS_ASSERTIONS = NO;
				ENABLE_STRICT_OBJC_MSGSEND = YES;
				ENABLE_USER_SCRIPT_SANDBOXING = YES;
				GCC_C_LANGUAGE_STANDARD = gnu17;
				GCC_NO_COMMON_BLOCKS = YES;
				GCC_WARN_64_TO_32_BIT_CONVERSION = YES;
				GCC_WARN_ABOUT_RETURN_TYPE = YES_ERROR;
				GCC_WARN_UNDECLARED_SELECTOR = YES;
				GCC_WARN_UNINITIALIZED_AUTOS = YES_AGGRESSIVE;
				GCC_WARN_UNUSED_FUNCTION = YES;
				GCC_WARN_UNUSED_VARIABLE = YES;
				LOCALIZATION_PREFERS_STRING_CATALOGS = YES;
				MTL_ENABLE_DEBUG_INFO = NO;
				MTL_FAST_MATH = YES;
				SWIFT_COMPILATION_MODE = wholemodule;
				SWIFT_EMIT_LOC_STRINGS = YES;
			};
			name = Release;
		};
		CC0C20A52CB159E400102C15 /* Debug */ = {
			isa = XCBuildConfiguration;
			buildSettings = {
				ASSETCATALOG_COMPILER_APPICON_NAME = AppIcon;
				ASSETCATALOG_COMPILER_GLOBAL_ACCENT_COLOR_NAME = AccentColor;
				ASSETCATALOG_COMPILER_INCLUDE_ALL_APPICON_ASSETS = NO;
				CODE_SIGN_ENTITLEMENTS = "talk-assistant/talk_assistant.entitlements";
				CODE_SIGN_IDENTITY = "Apple Development";
				CODE_SIGN_STYLE = Automatic;
				CURRENT_PROJECT_VERSION = 1;
				DEBUG_INFORMATION_FORMAT = "dwarf-with-dsym";
				DEVELOPMENT_ASSET_PATHS = "";
				DEVELOPMENT_TEAM = U2W9UR892A;
				ENABLE_HARDENED_RUNTIME = YES;
				ENABLE_PREVIEWS = YES;
				ENABLE_USER_SCRIPT_SANDBOXING = NO;
				GENERATE_INFOPLIST_FILE = YES;
				INFOPLIST_FILE = "talk-assistant/Info.plist";
				"INFOPLIST_KEY_UIApplicationSceneManifest_Generation[sdk=iphoneos*]" = YES;
				"INFOPLIST_KEY_UIApplicationSceneManifest_Generation[sdk=iphonesimulator*]" = YES;
				"INFOPLIST_KEY_UIApplicationSupportsIndirectInputEvents[sdk=iphoneos*]" = YES;
				"INFOPLIST_KEY_UIApplicationSupportsIndirectInputEvents[sdk=iphonesimulator*]" = YES;
				"INFOPLIST_KEY_UILaunchScreen_Generation[sdk=iphoneos*]" = YES;
				"INFOPLIST_KEY_UILaunchScreen_Generation[sdk=iphonesimulator*]" = YES;
				"INFOPLIST_KEY_UIStatusBarStyle[sdk=iphoneos*]" = UIStatusBarStyleDefault;
				"INFOPLIST_KEY_UIStatusBarStyle[sdk=iphonesimulator*]" = UIStatusBarStyleDefault;
				INFOPLIST_KEY_UISupportedInterfaceOrientations_iPad = "UIInterfaceOrientationPortrait UIInterfaceOrientationPortraitUpsideDown UIInterfaceOrientationLandscapeLeft UIInterfaceOrientationLandscapeRight";
				INFOPLIST_KEY_UISupportedInterfaceOrientations_iPhone = "UIInterfaceOrientationPortrait UIInterfaceOrientationLandscapeLeft UIInterfaceOrientationLandscapeRight";
				IPHONEOS_DEPLOYMENT_TARGET = 17.0;
				LD_RUNPATH_SEARCH_PATHS = "@executable_path/Frameworks";
				"LD_RUNPATH_SEARCH_PATHS[sdk=macosx*]" = "@executable_path/../Frameworks";
				MACOSX_DEPLOYMENT_TARGET = 14.0;
				MARKETING_VERSION = 1.0;
				OTHER_LDFLAGS = "-ObjC";
				PRODUCT_BUNDLE_IDENTIFIER = "haludoll.talk-assistant";
				PRODUCT_NAME = "$(TARGET_NAME)";
				PROVISIONING_PROFILE_SPECIFIER = "";
				SDKROOT = auto;
				SUPPORTED_PLATFORMS = "iphoneos iphonesimulator";
				SUPPORTS_MACCATALYST = NO;
				SWIFT_EMIT_LOC_STRINGS = YES;
				SWIFT_VERSION = 5.0;
				TARGETED_DEVICE_FAMILY = "1,2";
				XROS_DEPLOYMENT_TARGET = 1.0;
			};
			name = Debug;
		};
		CC0C20A62CB159E400102C15 /* Release */ = {
			isa = XCBuildConfiguration;
			buildSettings = {
				ASSETCATALOG_COMPILER_APPICON_NAME = AppIcon;
				ASSETCATALOG_COMPILER_GLOBAL_ACCENT_COLOR_NAME = AccentColor;
				ASSETCATALOG_COMPILER_INCLUDE_ALL_APPICON_ASSETS = NO;
				CODE_SIGN_ENTITLEMENTS = "talk-assistant/talk_assistant.entitlements";
				CODE_SIGN_IDENTITY = "Apple Development";
				CODE_SIGN_STYLE = Automatic;
				CURRENT_PROJECT_VERSION = 1;
				DEVELOPMENT_ASSET_PATHS = "";
				DEVELOPMENT_TEAM = U2W9UR892A;
				ENABLE_HARDENED_RUNTIME = YES;
				ENABLE_PREVIEWS = YES;
				ENABLE_USER_SCRIPT_SANDBOXING = NO;
				GENERATE_INFOPLIST_FILE = YES;
				INFOPLIST_FILE = "talk-assistant/Info.plist";
				"INFOPLIST_KEY_UIApplicationSceneManifest_Generation[sdk=iphoneos*]" = YES;
				"INFOPLIST_KEY_UIApplicationSceneManifest_Generation[sdk=iphonesimulator*]" = YES;
				"INFOPLIST_KEY_UIApplicationSupportsIndirectInputEvents[sdk=iphoneos*]" = YES;
				"INFOPLIST_KEY_UIApplicationSupportsIndirectInputEvents[sdk=iphonesimulator*]" = YES;
				"INFOPLIST_KEY_UILaunchScreen_Generation[sdk=iphoneos*]" = YES;
				"INFOPLIST_KEY_UILaunchScreen_Generation[sdk=iphonesimulator*]" = YES;
				"INFOPLIST_KEY_UIStatusBarStyle[sdk=iphoneos*]" = UIStatusBarStyleDefault;
				"INFOPLIST_KEY_UIStatusBarStyle[sdk=iphonesimulator*]" = UIStatusBarStyleDefault;
				INFOPLIST_KEY_UISupportedInterfaceOrientations_iPad = "UIInterfaceOrientationPortrait UIInterfaceOrientationPortraitUpsideDown UIInterfaceOrientationLandscapeLeft UIInterfaceOrientationLandscapeRight";
				INFOPLIST_KEY_UISupportedInterfaceOrientations_iPhone = "UIInterfaceOrientationPortrait UIInterfaceOrientationLandscapeLeft UIInterfaceOrientationLandscapeRight";
				IPHONEOS_DEPLOYMENT_TARGET = 17.0;
				LD_RUNPATH_SEARCH_PATHS = "@executable_path/Frameworks";
				"LD_RUNPATH_SEARCH_PATHS[sdk=macosx*]" = "@executable_path/../Frameworks";
				MACOSX_DEPLOYMENT_TARGET = 14.0;
				MARKETING_VERSION = 1.0;
				OTHER_LDFLAGS = "-ObjC";
				PRODUCT_BUNDLE_IDENTIFIER = "haludoll.talk-assistant";
				PRODUCT_NAME = "$(TARGET_NAME)";
				PROVISIONING_PROFILE_SPECIFIER = "";
				SDKROOT = auto;
				SUPPORTED_PLATFORMS = "iphoneos iphonesimulator";
				SUPPORTS_MACCATALYST = NO;
				SWIFT_EMIT_LOC_STRINGS = YES;
				SWIFT_VERSION = 5.0;
				TARGETED_DEVICE_FAMILY = "1,2";
				XROS_DEPLOYMENT_TARGET = 1.0;
			};
			name = Release;
		};
/* End XCBuildConfiguration section */

/* Begin XCConfigurationList section */
		0CA117932CBDBE5D008C173C /* Build configuration list for PBXNativeTarget "talk-assistantTests" */ = {
			isa = XCConfigurationList;
			buildConfigurations = (
				0CA117942CBDBE5D008C173C /* Debug */,
				0CA117952CBDBE5D008C173C /* Release */,
			);
			defaultConfigurationIsVisible = 0;
			defaultConfigurationName = Release;
		};
		0CA117A22CBDBE94008C173C /* Build configuration list for PBXNativeTarget "talk-assistantUITests" */ = {
			isa = XCConfigurationList;
			buildConfigurations = (
				0CA117A32CBDBE94008C173C /* Debug */,
				0CA117A42CBDBE94008C173C /* Release */,
			);
			defaultConfigurationIsVisible = 0;
			defaultConfigurationName = Release;
		};
		CC0C207A2CB159E000102C15 /* Build configuration list for PBXProject "talk-assistant" */ = {
			isa = XCConfigurationList;
			buildConfigurations = (
				CC0C20A22CB159E400102C15 /* Debug */,
				CC0C20A32CB159E400102C15 /* Release */,
			);
			defaultConfigurationIsVisible = 0;
			defaultConfigurationName = Release;
		};
		CC0C20A42CB159E400102C15 /* Build configuration list for PBXNativeTarget "talk-assistant" */ = {
			isa = XCConfigurationList;
			buildConfigurations = (
				CC0C20A52CB159E400102C15 /* Debug */,
				CC0C20A62CB159E400102C15 /* Release */,
			);
			defaultConfigurationIsVisible = 0;
			defaultConfigurationName = Release;
		};
/* End XCConfigurationList section */

/* Begin XCLocalSwiftPackageReference section */
		0C2809B72CBDF35000DAA4ED /* XCLocalSwiftPackageReference "../Root" */ = {
			isa = XCLocalSwiftPackageReference;
			relativePath = ../Root;
		};
/* End XCLocalSwiftPackageReference section */

/* Begin XCRemoteSwiftPackageReference section */
		CC9F1C112CC66E8A002A35EF /* XCRemoteSwiftPackageReference "firebase-ios-sdk" */ = {
			isa = XCRemoteSwiftPackageReference;
			repositoryURL = "https://github.com/firebase/firebase-ios-sdk";
			requirement = {
				kind = upToNextMajorVersion;
				minimumVersion = 11.3.0;
			};
		};
/* End XCRemoteSwiftPackageReference section */

/* Begin XCSwiftPackageProductDependency section */
		0C2809B82CBDF35000DAA4ED /* Root */ = {
			isa = XCSwiftPackageProductDependency;
			productName = Root;
		};
		CC9E340D2CB166C40057918C /* Root */ = {
			isa = XCSwiftPackageProductDependency;
			productName = Root;
		};
		CC9F1C142CC66E8A002A35EF /* FirebaseCrashlytics */ = {
			isa = XCSwiftPackageProductDependency;
			package = CC9F1C112CC66E8A002A35EF /* XCRemoteSwiftPackageReference "firebase-ios-sdk" */;
			productName = FirebaseCrashlytics;
		};
		CC9F1C202CC6746A002A35EF /* FirebaseAnalyticsWithoutAdIdSupport */ = {
			isa = XCSwiftPackageProductDependency;
			package = CC9F1C112CC66E8A002A35EF /* XCRemoteSwiftPackageReference "firebase-ios-sdk" */;
			productName = FirebaseAnalyticsWithoutAdIdSupport;
		};
/* End XCSwiftPackageProductDependency section */
	};
	rootObject = CC0C20772CB159E000102C15 /* Project object */;
}
